
Microsoft Visual Studio Solution File, Format Version 12.00
Project("{FAE04EC0-301F-11D3-BF4B-00C04F79EFBC}") = "first-ef-core-app", "first-ef-core-app\first-ef-core-app.csproj", "{AD9B02D6-0ECE-4204-A1EB-6522EB84E812}"
EndProject
Project("{FAE04EC0-301F-11D3-BF4B-00C04F79EFBC}") = "n2-use-exist-db", "n2-use-exist-db\n2-use-exist-db.csproj", "{A44B5302-52D8-4236-82A4-F33AE7397B42}"
EndProject
Project("{FAE04EC0-301F-11D3-BF4B-00C04F79EFBC}") = "n3-basic-crud-operations", "n3-basic-crud-operations\n3-basic-crud-operations.csproj", "{A38D74CC-BA84-4591-8248-20BA7D8B75DC}"
EndProject
Project("{FAE04EC0-301F-11D3-BF4B-00C04F79EFBC}") = "n4-db-connection-conf", "n4-db-connection-conf\n4-db-connection-conf.csproj", "{E0AD7380-C730-4707-9602-866DDB2C2ACF}"
EndProject
Project("{FAE04EC0-301F-11D3-BF4B-00C04F79EFBC}") = "n5-log-operations", "n5-log-operations\n5-log-operations.csproj", "{0CE5BCFD-A6C6-4130-BF43-1AE980A5059E}"
EndProject
Global
	GlobalSection(SolutionConfigurationPlatforms) = preSolution
		Debug|Any CPU = Debug|Any CPU
		Release|Any CPU = Release|Any CPU
	EndGlobalSection
	GlobalSection(ProjectConfigurationPlatforms) = postSolution
		{AD9B02D6-0ECE-4204-A1EB-6522EB84E812}.Debug|Any CPU.ActiveCfg = Debug|Any CPU
		{AD9B02D6-0ECE-4204-A1EB-6522EB84E812}.Debug|Any CPU.Build.0 = Debug|Any CPU
		{AD9B02D6-0ECE-4204-A1EB-6522EB84E812}.Release|Any CPU.ActiveCfg = Release|Any CPU
		{AD9B02D6-0ECE-4204-A1EB-6522EB84E812}.Release|Any CPU.Build.0 = Release|Any CPU
		{A44B5302-52D8-4236-82A4-F33AE7397B42}.Debug|Any CPU.ActiveCfg = Debug|Any CPU
		{A44B5302-52D8-4236-82A4-F33AE7397B42}.Debug|Any CPU.Build.0 = Debug|Any CPU
		{A44B5302-52D8-4236-82A4-F33AE7397B42}.Release|Any CPU.ActiveCfg = Release|Any CPU
		{A44B5302-52D8-4236-82A4-F33AE7397B42}.Release|Any CPU.Build.0 = Release|Any CPU
		{A38D74CC-BA84-4591-8248-20BA7D8B75DC}.Debug|Any CPU.ActiveCfg = Debug|Any CPU
		{A38D74CC-BA84-4591-8248-20BA7D8B75DC}.Debug|Any CPU.Build.0 = Debug|Any CPU
		{A38D74CC-BA84-4591-8248-20BA7D8B75DC}.Release|Any CPU.ActiveCfg = Release|Any CPU
		{A38D74CC-BA84-4591-8248-20BA7D8B75DC}.Release|Any CPU.Build.0 = Release|Any CPU
		{E0AD7380-C730-4707-9602-866DDB2C2ACF}.Debug|Any CPU.ActiveCfg = Debug|Any CPU
		{E0AD7380-C730-4707-9602-866DDB2C2ACF}.Debug|Any CPU.Build.0 = Debug|Any CPU
		{E0AD7380-C730-4707-9602-866DDB2C2ACF}.Release|Any CPU.ActiveCfg = Release|Any CPU
		{E0AD7380-C730-4707-9602-866DDB2C2ACF}.Release|Any CPU.Build.0 = Release|Any CPU
		{0CE5BCFD-A6C6-4130-BF43-1AE980A5059E}.Debug|Any CPU.ActiveCfg = Debug|Any CPU
		{0CE5BCFD-A6C6-4130-BF43-1AE980A5059E}.Debug|Any CPU.Build.0 = Debug|Any CPU
		{0CE5BCFD-A6C6-4130-BF43-1AE980A5059E}.Release|Any CPU.ActiveCfg = Release|Any CPU
		{0CE5BCFD-A6C6-4130-BF43-1AE980A5059E}.Release|Any CPU.Build.0 = Release|Any CPU
	EndGlobalSection
EndGlobal
